<?xml version="1.0" encoding="utf-8"?>
<Project ToolsVersion="4.0" xmlns="http://schemas.microsoft.com/developer/msbuild/2003">
  <ItemGroup>
    <ClCompile Include="GraphicsSystem.cpp">
      <Filter>Source Files\Graphics</Filter>
    </ClCompile>
    <ClCompile Include="GraphicsBuffer.cpp">
      <Filter>Source Files\Graphics</Filter>
    </ClCompile>
    <ClCompile Include="Sprite.cpp">
      <Filter>Source Files\Graphics</Filter>
    </ClCompile>
    <ClCompile Include="Game.cpp">
      <Filter>Source Files\Util</Filter>
    </ClCompile>
    <ClCompile Include="main.cpp">
      <Filter>Source Files\Util</Filter>
    </ClCompile>
    <ClCompile Include="SpriteManager.cpp">
      <Filter>Source Files\Graphics</Filter>
    </ClCompile>
    <ClCompile Include="GraphicsBufferManager.cpp">
      <Filter>Source Files\Graphics</Filter>
    </ClCompile>
    <ClCompile Include="UnitManager.cpp">
      <Filter>Source Files\Units</Filter>
    </ClCompile>
    <ClCompile Include="Unit.cpp">
      <Filter>Source Files\Units</Filter>
    </ClCompile>
    <ClCompile Include="Events.cpp">
      <Filter>Source Files\Events</Filter>
    </ClCompile>
    <ClCompile Include="EventSystem.cpp">
      <Filter>Source Files\Events</Filter>
    </ClCompile>
    <ClCompile Include="EventListener.cpp">
      <Filter>Source Files\Events</Filter>
    </ClCompile>
    <ClCompile Include="InputManager.cpp">
      <Filter>Source Files\Util</Filter>
    </ClCompile>
    <ClCompile Include="UnitSlottable.cpp">
      <Filter>Source Files\Units</Filter>
    </ClCompile>
    <ClCompile Include="GameValues.cpp">
      <Filter>Source Files\Util</Filter>
    </ClCompile>
    <ClCompile Include="GUI.cpp">
      <Filter>Source Files\Graphics</Filter>
    </ClCompile>
    <ClCompile Include="Phys.cpp">
      <Filter>Source Files\Physics</Filter>
    </ClCompile>
    <ClCompile Include="MovementFunctions.cpp">
      <Filter>Source Files\Physics</Filter>
    </ClCompile>
    <ClCompile Include="WallManager.cpp">
      <Filter>Source Files\Physics</Filter>
    </ClCompile>
    <ClCompile Include="GameValueTypes.cpp">
      <Filter>Source Files\Util</Filter>
    </ClCompile>
  </ItemGroup>
  <ItemGroup>
    <ClInclude Include="GraphicsBuffer.h">
      <Filter>Header Files\Graphics</Filter>
    </ClInclude>
    <ClInclude Include="GraphicsSystem.h">
      <Filter>Header Files\Graphics</Filter>
    </ClInclude>
    <ClInclude Include="Sprite.h">
      <Filter>Header Files\Graphics</Filter>
    </ClInclude>
    <ClInclude Include="Defines.h">
      <Filter>Header Files\Util</Filter>
    </ClInclude>
    <ClInclude Include="Game.h">
      <Filter>Header Files\Util</Filter>
    </ClInclude>
    <ClInclude Include="SpriteManager.h">
      <Filter>Header Files\Graphics</Filter>
    </ClInclude>
    <ClInclude Include="GraphicsBufferManager.h">
      <Filter>Header Files\Graphics</Filter>
    </ClInclude>
    <ClInclude Include="UnitManager.h">
      <Filter>Header Files\Units</Filter>
    </ClInclude>
    <ClInclude Include="Unit.h">
      <Filter>Header Files\Units</Filter>
    </ClInclude>
    <ClInclude Include="Event.h">
      <Filter>Header Files\Events</Filter>
    </ClInclude>
    <ClInclude Include="EventSystem.h">
      <Filter>Header Files\Events</Filter>
    </ClInclude>
    <ClInclude Include="EventListener.h">
      <Filter>Header Files\Events</Filter>
    </ClInclude>
    <ClInclude Include="InputManager.h">
      <Filter>Header Files\Util</Filter>
    </ClInclude>
    <ClInclude Include="EventQuit.h">
      <Filter>Header Files\Events</Filter>
    </ClInclude>
    <ClInclude Include="EventMouseClick.h">
      <Filter>Header Files\Events</Filter>
    </ClInclude>
    <ClInclude Include="EventAddAI.h">
      <Filter>Header Files\Events</Filter>
    </ClInclude>
    <ClInclude Include="EventDeleteAI.h">
      <Filter>Header Files\Events</Filter>
    </ClInclude>
    <ClInclude Include="EventClearAI.h">
      <Filter>Header Files\Events</Filter>
    </ClInclude>
    <ClInclude Include="UnitSlottable.h">
      <Filter>Header Files\Units</Filter>
    </ClInclude>
    <ClInclude Include="EventToggleDebug.h">
      <Filter>Header Files\Events</Filter>
    </ClInclude>
    <ClInclude Include="EventModifyStat.h">
      <Filter>Header Files\Events</Filter>
    </ClInclude>
    <ClInclude Include="EventModify.h">
      <Filter>Header Files\Events</Filter>
    </ClInclude>
    <ClInclude Include="EventMouseMove.h">
      <Filter>Header Files\Events</Filter>
    </ClInclude>
    <ClInclude Include="GameValues.h">
      <Filter>Header Files\Util</Filter>
    </ClInclude>
    <ClInclude Include="GameValueTypes.h">
      <Filter>Header Files\Util</Filter>
    </ClInclude>
    <ClInclude Include="GUI.h">
      <Filter>Header Files\Graphics</Filter>
    </ClInclude>
    <ClInclude Include="Phys.h">
      <Filter>Header Files\Physics</Filter>
    </ClInclude>
    <ClInclude Include="MovementFunctions.h">
      <Filter>Header Files\Physics</Filter>
    </ClInclude>
    <ClInclude Include="WallManager.h">
      <Filter>Header Files\Physics</Filter>
    </ClInclude>
    <ClInclude Include="EventPause.h">
      <Filter>Header Files\Events</Filter>
    </ClInclude>
    <ClInclude Include="EventChangeColor.h">
      <Filter>Header Files\Events</Filter>
    </ClInclude>
    <ClInclude Include="EventSetColor.h">
      <Filter>Header Files\Events</Filter>
    </ClInclude>
  </ItemGroup>
  <ItemGroup>
    <Filter Include="Header Files">
      <UniqueIdentifier>{58071a7d-cbb0-4abd-9790-6b2e658844e3}</UniqueIdentifier>
    </Filter>
    <Filter Include="Source Files">
      <UniqueIdentifier>{30ffa034-0511-4b02-96bb-ac319241f08f}</UniqueIdentifier>
    </Filter>
    <Filter Include="Header Files\Graphics">
      <UniqueIdentifier>{a86be52d-b1f6-4f9f-a9e2-5f1081efbd57}</UniqueIdentifier>
    </Filter>
    <Filter Include="Header Files\Units">
      <UniqueIdentifier>{26445efa-7c39-4c21-90ae-870498e58f16}</UniqueIdentifier>
    </Filter>
    <Filter Include="Header Files\Util">
      <UniqueIdentifier>{f1f8b550-13c6-4421-8c34-2355daeda283}</UniqueIdentifier>
    </Filter>
    <Filter Include="Source Files\Graphics">
      <UniqueIdentifier>{d9580c2a-964f-46dd-87dd-a4da057d3768}</UniqueIdentifier>
    </Filter>
    <Filter Include="Source Files\Util">
      <UniqueIdentifier>{23437882-c747-469d-ab3a-9f6b940a3517}</UniqueIdentifier>
    </Filter>
    <Filter Include="Source Files\Units">
      <UniqueIdentifier>{820b8d07-ae99-4b13-b15d-e6e6c1e3fbbc}</UniqueIdentifier>
    </Filter>
    <Filter Include="Header Files\Events">
      <UniqueIdentifier>{8c7845f9-6d4f-4220-b566-1e745dea2b2b}</UniqueIdentifier>
    </Filter>
    <Filter Include="Source Files\Events">
      <UniqueIdentifier>{f14d634a-c255-4ed7-961e-5c2799fa3f05}</UniqueIdentifier>
    </Filter>
    <Filter Include="Header Files\Physics">
      <UniqueIdentifier>{62b715d2-5d87-4b99-9909-3abeb5254aea}</UniqueIdentifier>
    </Filter>
    <Filter Include="Source Files\Physics">
      <UniqueIdentifier>{1db2af66-ee40-4816-b817-951fdd4bb4f4}</UniqueIdentifier>
    </Filter>
  </ItemGroup>
</Project>