<?xml version="1.0" encoding="utf-8"?>
<Project ToolsVersion="4.0" xmlns="http://schemas.microsoft.com/developer/msbuild/2003">
  <ItemGroup>
    <Filter Include="Source Files">
      <UniqueIdentifier>{4FC737F1-C7A5-4376-A066-2A32D752A2FF}</UniqueIdentifier>
      <Extensions>cpp;c;cc;cxx;def;odl;idl;hpj;bat;asm;asmx</Extensions>
    </Filter>
    <Filter Include="Header Files">
      <UniqueIdentifier>{93995380-89BD-4b04-88EB-625FBE52EBFB}</UniqueIdentifier>
      <Extensions>h;hh;hpp;hxx;hm;inl;inc;xsd</Extensions>
    </Filter>
    <Filter Include="Resource Files">
      <UniqueIdentifier>{67DA6AB6-F800-4c08-8B7A-83BB121AAD01}</UniqueIdentifier>
      <Extensions>rc;ico;cur;bmp;dlg;rc2;rct;bin;rgs;gif;jpg;jpeg;jpe;resx;tiff;tif;png;wav;mfcribbon-ms</Extensions>
    </Filter>
    <Filter Include="Header Files\events">
      <UniqueIdentifier>{87254f15-53ae-48d3-a8b3-bb2d6466ada4}</UniqueIdentifier>
    </Filter>
    <Filter Include="Source Files\events">
      <UniqueIdentifier>{b90861b8-ca01-4004-9454-84b2e74c4fea}</UniqueIdentifier>
    </Filter>
    <Filter Include="Header Files\graphics">
      <UniqueIdentifier>{eb6d35fd-9f2c-437f-8e9c-255925accd3a}</UniqueIdentifier>
    </Filter>
    <Filter Include="Source Files\graphics">
      <UniqueIdentifier>{4cd06c20-e3be-43cb-8566-7611d20ca889}</UniqueIdentifier>
    </Filter>
    <Filter Include="Header Files\pathing">
      <UniqueIdentifier>{88946594-0722-46c8-a08f-de173bac6627}</UniqueIdentifier>
    </Filter>
    <Filter Include="Source Files\pathing">
      <UniqueIdentifier>{96184297-cdce-45c8-9bd1-1c901c04ce06}</UniqueIdentifier>
    </Filter>
  </ItemGroup>
  <ItemGroup>
    <ClCompile Include="game.cpp">
      <Filter>Source Files</Filter>
    </ClCompile>
    <ClCompile Include="ioUtils.cpp">
      <Filter>Source Files</Filter>
    </ClCompile>
    <ClCompile Include="main.cpp">
      <Filter>Source Files</Filter>
    </ClCompile>
    <ClCompile Include="graphics\animation.cpp">
      <Filter>Source Files\graphics</Filter>
    </ClCompile>
    <ClCompile Include="graphics\color.cpp">
      <Filter>Source Files\graphics</Filter>
    </ClCompile>
    <ClCompile Include="graphics\font.cpp">
      <Filter>Source Files\graphics</Filter>
    </ClCompile>
    <ClCompile Include="graphics\graphicsBuffer.cpp">
      <Filter>Source Files\graphics</Filter>
    </ClCompile>
    <ClCompile Include="graphics\graphicsSystem.cpp">
      <Filter>Source Files\graphics</Filter>
    </ClCompile>
    <ClCompile Include="graphics\hud.cpp">
      <Filter>Source Files\graphics</Filter>
    </ClCompile>
    <ClCompile Include="graphics\sprite.cpp">
      <Filter>Source Files\graphics</Filter>
    </ClCompile>
    <ClCompile Include="events\event.cpp">
      <Filter>Source Files\events</Filter>
    </ClCompile>
    <ClCompile Include="events\eventListener.cpp">
      <Filter>Source Files\events</Filter>
    </ClCompile>
    <ClCompile Include="events\eventSystem.cpp">
      <Filter>Source Files\events</Filter>
    </ClCompile>
    <ClCompile Include="inputManager.cpp">
      <Filter>Source Files</Filter>
    </ClCompile>
    <ClCompile Include="pathing\tile.cpp">
      <Filter>Source Files\pathing</Filter>
    </ClCompile>
    <ClCompile Include="graphics\animationManager.cpp">
      <Filter>Source Files\graphics</Filter>
    </ClCompile>
    <ClCompile Include="pathing\grid.cpp">
      <Filter>Source Files\pathing</Filter>
    </ClCompile>
    <ClCompile Include="pathing\pathList.cpp">
      <Filter>Source Files\pathing</Filter>
    </ClCompile>
    <ClCompile Include="pathing\pathing.cpp">
      <Filter>Source Files\pathing</Filter>
    </ClCompile>
  </ItemGroup>
  <ItemGroup>
    <ClInclude Include="game.h">
      <Filter>Header Files</Filter>
    </ClInclude>
    <ClInclude Include="ioUtils.h">
      <Filter>Header Files</Filter>
    </ClInclude>
    <ClInclude Include="graphics\animation.h">
      <Filter>Header Files\graphics</Filter>
    </ClInclude>
    <ClInclude Include="graphics\animationManager.h">
      <Filter>Header Files\graphics</Filter>
    </ClInclude>
    <ClInclude Include="graphics\color.h">
      <Filter>Header Files\graphics</Filter>
    </ClInclude>
    <ClInclude Include="graphics\font.h">
      <Filter>Header Files\graphics</Filter>
    </ClInclude>
    <ClInclude Include="graphics\graphicsBuffer.h">
      <Filter>Header Files\graphics</Filter>
    </ClInclude>
    <ClInclude Include="graphics\graphicsBufferManager.h">
      <Filter>Header Files\graphics</Filter>
    </ClInclude>
    <ClInclude Include="graphics\graphicsSystem.h">
      <Filter>Header Files\graphics</Filter>
    </ClInclude>
    <ClInclude Include="graphics\hud.h">
      <Filter>Header Files\graphics</Filter>
    </ClInclude>
    <ClInclude Include="graphics\sprite.h">
      <Filter>Header Files\graphics</Filter>
    </ClInclude>
    <ClInclude Include="stringManager.h">
      <Filter>Header Files</Filter>
    </ClInclude>
    <ClInclude Include="events\event.h">
      <Filter>Header Files\events</Filter>
    </ClInclude>
    <ClInclude Include="events\eventListener.h">
      <Filter>Header Files\events</Filter>
    </ClInclude>
    <ClInclude Include="events\eventSystem.h">
      <Filter>Header Files\events</Filter>
    </ClInclude>
    <ClInclude Include="events\eventQuit.h">
      <Filter>Header Files\events</Filter>
    </ClInclude>
    <ClInclude Include="inputManager.h">
      <Filter>Header Files</Filter>
    </ClInclude>
    <ClInclude Include="pathing\grid.h">
      <Filter>Header Files\pathing</Filter>
    </ClInclude>
    <ClInclude Include="pathing\tile.h">
      <Filter>Header Files\pathing</Filter>
    </ClInclude>
    <ClInclude Include="globalConst.h">
      <Filter>Header Files</Filter>
    </ClInclude>
    <ClInclude Include="pathing\pathList.h">
      <Filter>Header Files\pathing</Filter>
    </ClInclude>
    <ClInclude Include="pathing\pathing.h">
      <Filter>Header Files\pathing</Filter>
    </ClInclude>
  </ItemGroup>
  <ItemGroup>
    <None Include="assets\animations.dat">
      <Filter>Resource Files</Filter>
    </None>
    <None Include="assets\graphics_buffers.dat">
      <Filter>Resource Files</Filter>
    </None>
  </ItemGroup>
</Project>