<?xml version="1.0" encoding="utf-8"?>
<Project ToolsVersion="4.0" xmlns="http://schemas.microsoft.com/developer/msbuild/2003">
  <ItemGroup>
    <Filter Include="Source Files">
      <UniqueIdentifier>{4FC737F1-C7A5-4376-A066-2A32D752A2FF}</UniqueIdentifier>
      <Extensions>cpp;c;cc;cxx;def;odl;idl;hpj;bat;asm;asmx</Extensions>
    </Filter>
    <Filter Include="Header Files">
      <UniqueIdentifier>{93995380-89BD-4b04-88EB-625FBE52EBFB}</UniqueIdentifier>
      <Extensions>h;hh;hpp;hxx;hm;inl;inc;xsd</Extensions>
    </Filter>
    <Filter Include="Resource Files">
      <UniqueIdentifier>{67DA6AB6-F800-4c08-8B7A-83BB121AAD01}</UniqueIdentifier>
      <Extensions>rc;ico;cur;bmp;dlg;rc2;rct;bin;rgs;gif;jpg;jpeg;jpe;resx;tiff;tif;png;wav;mfcribbon-ms</Extensions>
    </Filter>
    <Filter Include="Header Files\events">
      <UniqueIdentifier>{c00e963b-6e78-42db-8a16-78d0dfdd2998}</UniqueIdentifier>
    </Filter>
    <Filter Include="Header Files\graphics">
      <UniqueIdentifier>{d330bcab-4b4d-4338-93d1-46b18d319fe4}</UniqueIdentifier>
    </Filter>
    <Filter Include="Header Files\pathing">
      <UniqueIdentifier>{acedf334-e690-43b9-86e0-1bec5407d72c}</UniqueIdentifier>
    </Filter>
    <Filter Include="Source Files\events">
      <UniqueIdentifier>{94e57116-e37e-4a1e-be56-11c7207951bd}</UniqueIdentifier>
    </Filter>
    <Filter Include="Source Files\graphics">
      <UniqueIdentifier>{8708ee3c-5aa3-4357-8ff3-729ac8e66a07}</UniqueIdentifier>
    </Filter>
    <Filter Include="Source Files\pathing">
      <UniqueIdentifier>{7fcffe58-430c-4eb0-8986-df260dd77243}</UniqueIdentifier>
    </Filter>
    <Filter Include="Header Files\utils">
      <UniqueIdentifier>{acf8cafa-04e3-4a89-846a-995b3a0d7f08}</UniqueIdentifier>
    </Filter>
    <Filter Include="Source Files\utils">
      <UniqueIdentifier>{239c2187-3042-4293-b8e0-3ec95979e1e5}</UniqueIdentifier>
    </Filter>
    <Filter Include="Header Files\audio">
      <UniqueIdentifier>{82c24165-cd7f-4ccb-9b98-78b1f33e149d}</UniqueIdentifier>
    </Filter>
    <Filter Include="Source Files\audio">
      <UniqueIdentifier>{f7a4fc75-dc80-441d-9900-7c5bdccb8796}</UniqueIdentifier>
    </Filter>
    <Filter Include="Header Files\gui">
      <UniqueIdentifier>{a0935be4-553c-42a0-a39a-47ccdb50c853}</UniqueIdentifier>
    </Filter>
    <Filter Include="Source Files\gui">
      <UniqueIdentifier>{9a886bef-cb94-4da9-8fd0-ca584e4d792e}</UniqueIdentifier>
    </Filter>
    <Filter Include="Source Files\gui\elements">
      <UniqueIdentifier>{6bd6b798-9b06-4d82-9a16-5e78bf11f10a}</UniqueIdentifier>
    </Filter>
    <Filter Include="Header Files\gui\elements">
      <UniqueIdentifier>{fa6c6005-a38d-4373-843f-073d290eb199}</UniqueIdentifier>
    </Filter>
    <Filter Include="Source Files\units">
      <UniqueIdentifier>{2fe39553-081f-4ebd-8f78-d57c96b7766a}</UniqueIdentifier>
    </Filter>
    <Filter Include="Header Files\units">
      <UniqueIdentifier>{d6f815eb-cfaa-4264-98e9-cf6e6125676c}</UniqueIdentifier>
    </Filter>
    <Filter Include="Header Files\physics">
      <UniqueIdentifier>{ff086bcb-1423-42ee-8a96-0687de4c9971}</UniqueIdentifier>
    </Filter>
    <Filter Include="Source Files\physics">
      <UniqueIdentifier>{71bf0720-4c30-47c7-910b-62c439fe6afc}</UniqueIdentifier>
    </Filter>
    <Filter Include="Header Files\gameMode">
      <UniqueIdentifier>{54cf1653-5918-43b7-9275-3d556f21445c}</UniqueIdentifier>
    </Filter>
    <Filter Include="Source Files\gameMode">
      <UniqueIdentifier>{f6cdecc2-6cf7-4bd1-80d0-e55bf3d32a28}</UniqueIdentifier>
    </Filter>
    <Filter Include="Header Files\stateTree">
      <UniqueIdentifier>{115ffcd8-dd99-4d41-9a2f-050c4b81b59b}</UniqueIdentifier>
    </Filter>
    <Filter Include="Source Files\stateTree">
      <UniqueIdentifier>{ac3b3c71-a9cf-48e5-85c5-8be2cf5500ce}</UniqueIdentifier>
    </Filter>
  </ItemGroup>
  <ItemGroup>
    <ClInclude Include="game.h">
      <Filter>Header Files</Filter>
    </ClInclude>
    <ClInclude Include="globalConst.h">
      <Filter>Header Files</Filter>
    </ClInclude>
    <ClInclude Include="inputManager.h">
      <Filter>Header Files</Filter>
    </ClInclude>
    <ClInclude Include="events\event.h">
      <Filter>Header Files\events</Filter>
    </ClInclude>
    <ClInclude Include="events\eventClick.h">
      <Filter>Header Files\events</Filter>
    </ClInclude>
    <ClInclude Include="events\eventListener.h">
      <Filter>Header Files\events</Filter>
    </ClInclude>
    <ClInclude Include="events\eventSystem.h">
      <Filter>Header Files\events</Filter>
    </ClInclude>
    <ClInclude Include="graphics\animation.h">
      <Filter>Header Files\graphics</Filter>
    </ClInclude>
    <ClInclude Include="graphics\animationManager.h">
      <Filter>Header Files\graphics</Filter>
    </ClInclude>
    <ClInclude Include="graphics\color.h">
      <Filter>Header Files\graphics</Filter>
    </ClInclude>
    <ClInclude Include="graphics\font.h">
      <Filter>Header Files\graphics</Filter>
    </ClInclude>
    <ClInclude Include="graphics\graphicsBuffer.h">
      <Filter>Header Files\graphics</Filter>
    </ClInclude>
    <ClInclude Include="graphics\graphicsBufferManager.h">
      <Filter>Header Files\graphics</Filter>
    </ClInclude>
    <ClInclude Include="graphics\graphicsSystem.h">
      <Filter>Header Files\graphics</Filter>
    </ClInclude>
    <ClInclude Include="graphics\sprite.h">
      <Filter>Header Files\graphics</Filter>
    </ClInclude>
    <ClInclude Include="pathing\grid.h">
      <Filter>Header Files\pathing</Filter>
    </ClInclude>
    <ClInclude Include="pathing\node.h">
      <Filter>Header Files\pathing</Filter>
    </ClInclude>
    <ClInclude Include="pathing\pathing.h">
      <Filter>Header Files\pathing</Filter>
    </ClInclude>
    <ClInclude Include="pathing\pathList.h">
      <Filter>Header Files\pathing</Filter>
    </ClInclude>
    <ClInclude Include="pathing\tile.h">
      <Filter>Header Files\pathing</Filter>
    </ClInclude>
    <ClInclude Include="utils\trackable.h">
      <Filter>Header Files\utils</Filter>
    </ClInclude>
    <ClInclude Include="utils\memoryTracker.h">
      <Filter>Header Files\utils</Filter>
    </ClInclude>
    <ClInclude Include="utils\timer.h">
      <Filter>Header Files\utils</Filter>
    </ClInclude>
    <ClInclude Include="audio\audioSystem.h">
      <Filter>Header Files\audio</Filter>
    </ClInclude>
    <ClInclude Include="audio\audioClip.h">
      <Filter>Header Files\audio</Filter>
    </ClInclude>
    <ClInclude Include="utils\stringManager.h">
      <Filter>Header Files\utils</Filter>
    </ClInclude>
    <ClInclude Include="events\eventKeypress.h">
      <Filter>Header Files\events</Filter>
    </ClInclude>
    <ClInclude Include="events\eventQuit.h">
      <Filter>Header Files\events</Filter>
    </ClInclude>
    <ClInclude Include="gui\gui.h">
      <Filter>Header Files\gui</Filter>
    </ClInclude>
    <ClInclude Include="gui\guiElement.h">
      <Filter>Header Files\gui</Filter>
    </ClInclude>
    <ClInclude Include="gui\guiListener.h">
      <Filter>Header Files\gui</Filter>
    </ClInclude>
    <ClInclude Include="gui\elements\guiAnimation.h">
      <Filter>Header Files\gui\elements</Filter>
    </ClInclude>
    <ClInclude Include="gui\elements\guiFixedText.h">
      <Filter>Header Files\gui\elements</Filter>
    </ClInclude>
    <ClInclude Include="gui\elements\guiImage.h">
      <Filter>Header Files\gui\elements</Filter>
    </ClInclude>
    <ClInclude Include="gui\elements\guiText.h">
      <Filter>Header Files\gui\elements</Filter>
    </ClInclude>
    <ClInclude Include="gui\guiSelectable.h">
      <Filter>Header Files\gui</Filter>
    </ClInclude>
    <ClInclude Include="gui\guiMainMenu.h">
      <Filter>Header Files\gui</Filter>
    </ClInclude>
    <ClInclude Include="units\unitManager.h">
      <Filter>Header Files\units</Filter>
    </ClInclude>
    <ClInclude Include="units\unit.h">
      <Filter>Header Files\units</Filter>
    </ClInclude>
    <ClInclude Include="physics\vector2.h">
      <Filter>Header Files\physics</Filter>
    </ClInclude>
    <ClInclude Include="units\unitSHA.h">
      <Filter>Header Files\units</Filter>
    </ClInclude>
    <ClInclude Include="events\eventSwitchState.h">
      <Filter>Header Files\events</Filter>
    </ClInclude>
    <ClInclude Include="utils\ioUtils.h">
      <Filter>Header Files\utils</Filter>
    </ClInclude>
    <ClInclude Include="gui\guiEditor.h">
      <Filter>Header Files\gui</Filter>
    </ClInclude>
    <ClInclude Include="pathing\spawnLocation.h">
      <Filter>Header Files\pathing</Filter>
    </ClInclude>
    <ClInclude Include="gui\guiSelectLevel.h">
      <Filter>Header Files\gui</Filter>
    </ClInclude>
    <ClInclude Include="gameMode\editor.h">
      <Filter>Header Files\gameMode</Filter>
    </ClInclude>
    <ClInclude Include="gameMode\gameMode.h">
      <Filter>Header Files\gameMode</Filter>
    </ClInclude>
    <ClInclude Include="gameMode\level.h">
      <Filter>Header Files\gameMode</Filter>
    </ClInclude>
    <ClInclude Include="gameMode\mainMenu.h">
      <Filter>Header Files\gameMode</Filter>
    </ClInclude>
    <ClInclude Include="gameMode\levelSelect.h">
      <Filter>Header Files\gameMode</Filter>
    </ClInclude>
    <ClInclude Include="events\eventLoadLevel.h">
      <Filter>Header Files\events</Filter>
    </ClInclude>
    <ClInclude Include="units\unitPhys.h">
      <Filter>Header Files\units</Filter>
    </ClInclude>
    <ClInclude Include="units\unitPlayer.h">
      <Filter>Header Files\units</Filter>
    </ClInclude>
    <ClInclude Include="physics\movementSHA.h">
      <Filter>Header Files\physics</Filter>
    </ClInclude>
    <ClInclude Include="stateTree\stateTree.h">
      <Filter>Header Files\stateTree</Filter>
    </ClInclude>
  </ItemGroup>
  <ItemGroup>
    <ClCompile Include="game.cpp">
      <Filter>Source Files</Filter>
    </ClCompile>
    <ClCompile Include="inputManager.cpp">
      <Filter>Source Files</Filter>
    </ClCompile>
    <ClCompile Include="main.cpp">
      <Filter>Source Files</Filter>
    </ClCompile>
    <ClCompile Include="events\event.cpp">
      <Filter>Source Files\events</Filter>
    </ClCompile>
    <ClCompile Include="events\eventListener.cpp">
      <Filter>Source Files\events</Filter>
    </ClCompile>
    <ClCompile Include="events\eventSystem.cpp">
      <Filter>Source Files\events</Filter>
    </ClCompile>
    <ClCompile Include="graphics\animation.cpp">
      <Filter>Source Files\graphics</Filter>
    </ClCompile>
    <ClCompile Include="graphics\animationManager.cpp">
      <Filter>Source Files\graphics</Filter>
    </ClCompile>
    <ClCompile Include="graphics\color.cpp">
      <Filter>Source Files\graphics</Filter>
    </ClCompile>
    <ClCompile Include="graphics\font.cpp">
      <Filter>Source Files\graphics</Filter>
    </ClCompile>
    <ClCompile Include="graphics\graphicsBuffer.cpp">
      <Filter>Source Files\graphics</Filter>
    </ClCompile>
    <ClCompile Include="graphics\graphicsSystem.cpp">
      <Filter>Source Files\graphics</Filter>
    </ClCompile>
    <ClCompile Include="graphics\sprite.cpp">
      <Filter>Source Files\graphics</Filter>
    </ClCompile>
    <ClCompile Include="pathing\grid.cpp">
      <Filter>Source Files\pathing</Filter>
    </ClCompile>
    <ClCompile Include="pathing\node.cpp">
      <Filter>Source Files\pathing</Filter>
    </ClCompile>
    <ClCompile Include="pathing\pathing.cpp">
      <Filter>Source Files\pathing</Filter>
    </ClCompile>
    <ClCompile Include="pathing\pathList.cpp">
      <Filter>Source Files\pathing</Filter>
    </ClCompile>
    <ClCompile Include="pathing\tile.cpp">
      <Filter>Source Files\pathing</Filter>
    </ClCompile>
    <ClCompile Include="utils\trackable.cpp">
      <Filter>Source Files\utils</Filter>
    </ClCompile>
    <ClCompile Include="utils\memoryTracker.cpp">
      <Filter>Source Files\utils</Filter>
    </ClCompile>
    <ClCompile Include="utils\timer.cpp">
      <Filter>Source Files\utils</Filter>
    </ClCompile>
    <ClCompile Include="audio\audioSystem.cpp">
      <Filter>Source Files\audio</Filter>
    </ClCompile>
    <ClCompile Include="audio\audioClip.cpp">
      <Filter>Source Files\audio</Filter>
    </ClCompile>
    <ClCompile Include="gui\gui.cpp">
      <Filter>Source Files\gui</Filter>
    </ClCompile>
    <ClCompile Include="gui\guiListener.cpp">
      <Filter>Source Files\gui</Filter>
    </ClCompile>
    <ClCompile Include="gui\elements\guiAnimation.cpp">
      <Filter>Source Files\gui\elements</Filter>
    </ClCompile>
    <ClCompile Include="gui\elements\guiFixedText.cpp">
      <Filter>Source Files\gui\elements</Filter>
    </ClCompile>
    <ClCompile Include="gui\elements\guiImage.cpp">
      <Filter>Source Files\gui\elements</Filter>
    </ClCompile>
    <ClCompile Include="gui\elements\guiText.cpp">
      <Filter>Source Files\gui\elements</Filter>
    </ClCompile>
    <ClCompile Include="gui\guiSelectable.cpp">
      <Filter>Source Files\gui</Filter>
    </ClCompile>
    <ClCompile Include="gui\guiMainMenu.cpp">
      <Filter>Source Files\gui</Filter>
    </ClCompile>
    <ClCompile Include="units\unitManager.cpp">
      <Filter>Source Files\units</Filter>
    </ClCompile>
    <ClCompile Include="units\unit.cpp">
      <Filter>Source Files\units</Filter>
    </ClCompile>
    <ClCompile Include="physics\vector2.cpp">
      <Filter>Source Files\physics</Filter>
    </ClCompile>
    <ClCompile Include="units\unitSHA.cpp">
      <Filter>Source Files\units</Filter>
    </ClCompile>
    <ClCompile Include="utils\ioUtils.cpp">
      <Filter>Source Files\utils</Filter>
    </ClCompile>
    <ClCompile Include="gui\guiEditor.cpp">
      <Filter>Source Files\gui</Filter>
    </ClCompile>
    <ClCompile Include="gui\guiSelectLevel.cpp">
      <Filter>Source Files\gui</Filter>
    </ClCompile>
    <ClCompile Include="gameMode\gameMode.cpp">
      <Filter>Source Files\gameMode</Filter>
    </ClCompile>
    <ClCompile Include="gameMode\editor.cpp">
      <Filter>Source Files\gameMode</Filter>
    </ClCompile>
    <ClCompile Include="gameMode\mainMenu.cpp">
      <Filter>Source Files\gameMode</Filter>
    </ClCompile>
    <ClCompile Include="gameMode\levelSelect.cpp">
      <Filter>Source Files\gameMode</Filter>
    </ClCompile>
    <ClCompile Include="gameMode\level.cpp">
      <Filter>Source Files\gameMode</Filter>
    </ClCompile>
    <ClCompile Include="units\unitPhys.cpp">
      <Filter>Source Files\units</Filter>
    </ClCompile>
    <ClCompile Include="units\unitPlayer.cpp">
      <Filter>Source Files\units</Filter>
    </ClCompile>
    <ClCompile Include="physics\movementSHA.cpp">
      <Filter>Source Files\physics</Filter>
    </ClCompile>
    <ClCompile Include="stateTree\stateTree.cpp">
      <Filter>Source Files\stateTree</Filter>
    </ClCompile>
  </ItemGroup>
  <ItemGroup>
    <None Include="assets\animations.dat">
      <Filter>Resource Files</Filter>
    </None>
    <None Include="assets\graphics_buffers.dat">
      <Filter>Resource Files</Filter>
    </None>
    <None Include="assets\audio_clips.dat">
      <Filter>Resource Files</Filter>
    </None>
  </ItemGroup>
</Project>